
Microsoft Visual Studio Solution File, Format Version 12.00
Project("{FAE04EC0-301F-11D3-BF4B-00C04F79EFBC}") = "Example.Hangfire", "Example.Hangfire\Example.Hangfire.csproj", "{EA66D59B-F33E-4D77-A8BA-B0FEBC976E88}"
EndProject
Project("{2150E333-8FDC-42A3-9474-1A3956D46DE8}") = "Solution Items", "Solution Items", "{E8500EAF-AFBD-4224-B5D5-3D11DC7C35F7}"
	ProjectSection(SolutionItems) = preProject
		compose.yaml = compose.yaml
		.gitignore = .gitignore
		global.json = global.json
	EndProjectSection
EndProject
Project("{FAE04EC0-301F-11D3-BF4B-00C04F79EFBC}") = "Hangfire.Polly", "Hangfire.Polly\Hangfire.Polly.csproj", "{ECD19970-943E-4C8F-839D-2DE0E540103D}"
EndProject
Project("{2150E333-8FDC-42A3-9474-1A3956D46DE8}") = "Examples", "Examples", "{058B71F7-56D8-4CE5-B733-FC84EE64A6F6}"
EndProject
Project("{FAE04EC0-301F-11D3-BF4B-00C04F79EFBC}") = "Example.Polly", "Example.Polly\Example.Polly.csproj", "{17C2322E-E34C-485E-B460-A940AA3FAD87}"
EndProject
Global
	GlobalSection(SolutionConfigurationPlatforms) = preSolution
		Debug|Any CPU = Debug|Any CPU
		Release|Any CPU = Release|Any CPU
	EndGlobalSection
	GlobalSection(ProjectConfigurationPlatforms) = postSolution
		{EA66D59B-F33E-4D77-A8BA-B0FEBC976E88}.Debug|Any CPU.ActiveCfg = Debug|Any CPU
		{EA66D59B-F33E-4D77-A8BA-B0FEBC976E88}.Debug|Any CPU.Build.0 = Debug|Any CPU
		{EA66D59B-F33E-4D77-A8BA-B0FEBC976E88}.Release|Any CPU.ActiveCfg = Release|Any CPU
		{EA66D59B-F33E-4D77-A8BA-B0FEBC976E88}.Release|Any CPU.Build.0 = Release|Any CPU
		{ECD19970-943E-4C8F-839D-2DE0E540103D}.Debug|Any CPU.ActiveCfg = Debug|Any CPU
		{ECD19970-943E-4C8F-839D-2DE0E540103D}.Debug|Any CPU.Build.0 = Debug|Any CPU
		{ECD19970-943E-4C8F-839D-2DE0E540103D}.Release|Any CPU.ActiveCfg = Release|Any CPU
		{ECD19970-943E-4C8F-839D-2DE0E540103D}.Release|Any CPU.Build.0 = Release|Any CPU
		{17C2322E-E34C-485E-B460-A940AA3FAD87}.Debug|Any CPU.ActiveCfg = Debug|Any CPU
		{17C2322E-E34C-485E-B460-A940AA3FAD87}.Debug|Any CPU.Build.0 = Debug|Any CPU
		{17C2322E-E34C-485E-B460-A940AA3FAD87}.Release|Any CPU.ActiveCfg = Release|Any CPU
		{17C2322E-E34C-485E-B460-A940AA3FAD87}.Release|Any CPU.Build.0 = Release|Any CPU
	EndGlobalSection
	GlobalSection(NestedProjects) = preSolution
		{EA66D59B-F33E-4D77-A8BA-B0FEBC976E88} = {058B71F7-56D8-4CE5-B733-FC84EE64A6F6}
		{17C2322E-E34C-485E-B460-A940AA3FAD87} = {058B71F7-56D8-4CE5-B733-FC84EE64A6F6}
	EndGlobalSection
EndGlobal
